// !$*UTF8*$!
{
	archiveVersion = 1;
	classes = {
	};
	objectVersion = 46;
	objects = {

/* Begin PBXBuildFile section */
		902939B81D58553300C14290 /* main.m in Sources */ = {isa = PBXBuildFile; fileRef = 902939B71D58553300C14290 /* main.m */; };
		902939BB1D58553300C14290 /* AppDelegate.m in Sources */ = {isa = PBXBuildFile; fileRef = 902939BA1D58553300C14290 /* AppDelegate.m */; };
		902939C11D58553300C14290 /* Main.storyboard in Resources */ = {isa = PBXBuildFile; fileRef = 902939BF1D58553300C14290 /* Main.storyboard */; };
		902939C31D58553300C14290 /* Assets.xcassets in Resources */ = {isa = PBXBuildFile; fileRef = 902939C21D58553300C14290 /* Assets.xcassets */; };
		902939C61D58553300C14290 /* LaunchScreen.storyboard in Resources */ = {isa = PBXBuildFile; fileRef = 902939C41D58553300C14290 /* LaunchScreen.storyboard */; };
		902939D11D58553300C14290 /* StoryboardDomeTests.m in Sources */ = {isa = PBXBuildFile; fileRef = 902939D01D58553300C14290 /* StoryboardDomeTests.m */; };
		902939DC1D58553300C14290 /* StoryboardDomeUITests.m in Sources */ = {isa = PBXBuildFile; fileRef = 902939DB1D58553300C14290 /* StoryboardDomeUITests.m */; };
		902939EE1D5859B400C14290 /* A_aTableViewController.m in Sources */ = {isa = PBXBuildFile; fileRef = 902939ED1D5859B400C14290 /* A_aTableViewController.m */; };
		902939F11D585EDA00C14290 /* A_bViewController.m in Sources */ = {isa = PBXBuildFile; fileRef = 902939F01D585EDA00C14290 /* A_bViewController.m */; };
		902939F41D585EE700C14290 /* A_cViewController.m in Sources */ = {isa = PBXBuildFile; fileRef = 902939F31D585EE700C14290 /* A_cViewController.m */; };
		902939F81D5862BD00C14290 /* BaseNavViewController.m in Sources */ = {isa = PBXBuildFile; fileRef = 902939F71D5862BD00C14290 /* BaseNavViewController.m */; };
		902939FB1D58639400C14290 /* BaseTBViewController.m in Sources */ = {isa = PBXBuildFile; fileRef = 902939FA1D58639400C14290 /* BaseTBViewController.m */; };
		90293A121D59C4BB00C14290 /* A_b.storyboard in Resources */ = {isa = PBXBuildFile; fileRef = 90293A101D59C4BB00C14290 /* A_b.storyboard */; };
		903BCB3E1D6D6CC300A1A0AF /* C_bViewController.m in Sources */ = {isa = PBXBuildFile; fileRef = 903BCB3D1D6D6CC300A1A0AF /* C_bViewController.m */; };
		90804ED51DB4C2FD002540E9 /* C_aTableViewController.m in Sources */ = {isa = PBXBuildFile; fileRef = 90804ED41DB4C2FD002540E9 /* C_aTableViewController.m */; };
		909ACB631D5DB4A300D106C0 /* B_aViewController.m in Sources */ = {isa = PBXBuildFile; fileRef = 909ACB621D5DB4A300D106C0 /* B_aViewController.m */; };
		909EDCBA1D6D8F21001A846B /* C_cViewController.m in Sources */ = {isa = PBXBuildFile; fileRef = 909EDCB91D6D8F21001A846B /* C_cViewController.m */; };
		90DFC9611D61B37100C23540 /* UIButton+WMButton.m in Sources */ = {isa = PBXBuildFile; fileRef = 90DFC9581D61B37100C23540 /* UIButton+WMButton.m */; };
		90DFC9621D61B37100C23540 /* WMBlueButton.m in Sources */ = {isa = PBXBuildFile; fileRef = 90DFC95A1D61B37100C23540 /* WMBlueButton.m */; };
		90DFC9631D61B37100C23540 /* WMLoginButton.m in Sources */ = {isa = PBXBuildFile; fileRef = 90DFC95C1D61B37100C23540 /* WMLoginButton.m */; };
		90DFC9641D61B37100C23540 /* WMRedButton.m in Sources */ = {isa = PBXBuildFile; fileRef = 90DFC95E1D61B37100C23540 /* WMRedButton.m */; };
		90DFC9651D61B37100C23540 /* WMWhiteButton.m in Sources */ = {isa = PBXBuildFile; fileRef = 90DFC9601D61B37100C23540 /* WMWhiteButton.m */; };
/* End PBXBuildFile section */

/* Begin PBXContainerItemProxy section */
		902939CD1D58553300C14290 /* PBXContainerItemProxy */ = {
			isa = PBXContainerItemProxy;
			containerPortal = 902939AB1D58553300C14290 /* Project object */;
			proxyType = 1;
			remoteGlobalIDString = 902939B21D58553300C14290;
			remoteInfo = StoryboardDome;
		};
		902939D81D58553300C14290 /* PBXContainerItemProxy */ = {
			isa = PBXContainerItemProxy;
			containerPortal = 902939AB1D58553300C14290 /* Project object */;
			proxyType = 1;
			remoteGlobalIDString = 902939B21D58553300C14290;
			remoteInfo = StoryboardDome;
		};
/* End PBXContainerItemProxy section */

/* Begin PBXFileReference section */
		902939B31D58553300C14290 /* StoryboardDome.app */ = {isa = PBXFileReference; explicitFileType = wrapper.application; includeInIndex = 0; path = StoryboardDome.app; sourceTree = BUILT_PRODUCTS_DIR; };
		902939B71D58553300C14290 /* main.m */ = {isa = PBXFileReference; lastKnownFileType = sourcecode.c.objc; path = main.m; sourceTree = "<group>"; };
		902939B91D58553300C14290 /* AppDelegate.h */ = {isa = PBXFileReference; lastKnownFileType = sourcecode.c.h; path = AppDelegate.h; sourceTree = "<group>"; };
		902939BA1D58553300C14290 /* AppDelegate.m */ = {isa = PBXFileReference; lastKnownFileType = sourcecode.c.objc; path = AppDelegate.m; sourceTree = "<group>"; };
		902939C01D58553300C14290 /* Base */ = {isa = PBXFileReference; lastKnownFileType = file.storyboard; name = Base; path = Base.lproj/Main.storyboard; sourceTree = "<group>"; };
		902939C21D58553300C14290 /* Assets.xcassets */ = {isa = PBXFileReference; lastKnownFileType = folder.assetcatalog; path = Assets.xcassets; sourceTree = "<group>"; };
		902939C51D58553300C14290 /* Base */ = {isa = PBXFileReference; lastKnownFileType = file.storyboard; name = Base; path = Base.lproj/LaunchScreen.storyboard; sourceTree = "<group>"; };
		902939C71D58553300C14290 /* Info.plist */ = {isa = PBXFileReference; lastKnownFileType = text.plist.xml; path = Info.plist; sourceTree = "<group>"; };
		902939CC1D58553300C14290 /* StoryboardDomeTests.xctest */ = {isa = PBXFileReference; explicitFileType = wrapper.cfbundle; includeInIndex = 0; path = StoryboardDomeTests.xctest; sourceTree = BUILT_PRODUCTS_DIR; };
		902939D01D58553300C14290 /* StoryboardDomeTests.m */ = {isa = PBXFileReference; lastKnownFileType = sourcecode.c.objc; path = StoryboardDomeTests.m; sourceTree = "<group>"; };
		902939D21D58553300C14290 /* Info.plist */ = {isa = PBXFileReference; lastKnownFileType = text.plist.xml; path = Info.plist; sourceTree = "<group>"; };
		902939D71D58553300C14290 /* StoryboardDomeUITests.xctest */ = {isa = PBXFileReference; explicitFileType = wrapper.cfbundle; includeInIndex = 0; path = StoryboardDomeUITests.xctest; sourceTree = BUILT_PRODUCTS_DIR; };
		902939DB1D58553300C14290 /* StoryboardDomeUITests.m */ = {isa = PBXFileReference; lastKnownFileType = sourcecode.c.objc; path = StoryboardDomeUITests.m; sourceTree = "<group>"; };
		902939DD1D58553300C14290 /* Info.plist */ = {isa = PBXFileReference; lastKnownFileType = text.plist.xml; path = Info.plist; sourceTree = "<group>"; };
		902939EC1D5859B400C14290 /* A_aTableViewController.h */ = {isa = PBXFileReference; fileEncoding = 4; lastKnownFileType = sourcecode.c.h; path = A_aTableViewController.h; sourceTree = "<group>"; };
		902939ED1D5859B400C14290 /* A_aTableViewController.m */ = {isa = PBXFileReference; fileEncoding = 4; lastKnownFileType = sourcecode.c.objc; path = A_aTableViewController.m; sourceTree = "<group>"; };
		902939EF1D585EDA00C14290 /* A_bViewController.h */ = {isa = PBXFileReference; fileEncoding = 4; lastKnownFileType = sourcecode.c.h; path = A_bViewController.h; sourceTree = "<group>"; };
		902939F01D585EDA00C14290 /* A_bViewController.m */ = {isa = PBXFileReference; fileEncoding = 4; lastKnownFileType = sourcecode.c.objc; path = A_bViewController.m; sourceTree = "<group>"; };
		902939F21D585EE700C14290 /* A_cViewController.h */ = {isa = PBXFileReference; fileEncoding = 4; lastKnownFileType = sourcecode.c.h; path = A_cViewController.h; sourceTree = "<group>"; };
		902939F31D585EE700C14290 /* A_cViewController.m */ = {isa = PBXFileReference; fileEncoding = 4; lastKnownFileType = sourcecode.c.objc; path = A_cViewController.m; sourceTree = "<group>"; };
		902939F61D5862BD00C14290 /* BaseNavViewController.h */ = {isa = PBXFileReference; fileEncoding = 4; lastKnownFileType = sourcecode.c.h; path = BaseNavViewController.h; sourceTree = "<group>"; };
		902939F71D5862BD00C14290 /* BaseNavViewController.m */ = {isa = PBXFileReference; fileEncoding = 4; lastKnownFileType = sourcecode.c.objc; path = BaseNavViewController.m; sourceTree = "<group>"; };
		902939F91D58639400C14290 /* BaseTBViewController.h */ = {isa = PBXFileReference; fileEncoding = 4; lastKnownFileType = sourcecode.c.h; path = BaseTBViewController.h; sourceTree = "<group>"; };
		902939FA1D58639400C14290 /* BaseTBViewController.m */ = {isa = PBXFileReference; fileEncoding = 4; lastKnownFileType = sourcecode.c.objc; path = BaseTBViewController.m; sourceTree = "<group>"; };
		90293A111D59C4BB00C14290 /* Base */ = {isa = PBXFileReference; lastKnownFileType = file.storyboard; name = Base; path = Base.lproj/A_b.storyboard; sourceTree = "<group>"; };
		903BCB3C1D6D6CC300A1A0AF /* C_bViewController.h */ = {isa = PBXFileReference; fileEncoding = 4; lastKnownFileType = sourcecode.c.h; path = C_bViewController.h; sourceTree = "<group>"; };
		903BCB3D1D6D6CC300A1A0AF /* C_bViewController.m */ = {isa = PBXFileReference; fileEncoding = 4; lastKnownFileType = sourcecode.c.objc; path = C_bViewController.m; sourceTree = "<group>"; };
		90804ED31DB4C2FD002540E9 /* C_aTableViewController.h */ = {isa = PBXFileReference; fileEncoding = 4; lastKnownFileType = sourcecode.c.h; path = C_aTableViewController.h; sourceTree = "<group>"; };
		90804ED41DB4C2FD002540E9 /* C_aTableViewController.m */ = {isa = PBXFileReference; fileEncoding = 4; lastKnownFileType = sourcecode.c.objc; path = C_aTableViewController.m; sourceTree = "<group>"; };
		909ACB611D5DB4A300D106C0 /* B_aViewController.h */ = {isa = PBXFileReference; fileEncoding = 4; lastKnownFileType = sourcecode.c.h; path = B_aViewController.h; sourceTree = "<group>"; };
		909ACB621D5DB4A300D106C0 /* B_aViewController.m */ = {isa = PBXFileReference; fileEncoding = 4; lastKnownFileType = sourcecode.c.objc; path = B_aViewController.m; sourceTree = "<group>"; };
		909EDCB81D6D8F21001A846B /* C_cViewController.h */ = {isa = PBXFileReference; fileEncoding = 4; lastKnownFileType = sourcecode.c.h; path = C_cViewController.h; sourceTree = "<group>"; };
		909EDCB91D6D8F21001A846B /* C_cViewController.m */ = {isa = PBXFileReference; fileEncoding = 4; lastKnownFileType = sourcecode.c.objc; path = C_cViewController.m; sourceTree = "<group>"; };
		90DFC9571D61B37100C23540 /* UIButton+WMButton.h */ = {isa = PBXFileReference; fileEncoding = 4; lastKnownFileType = sourcecode.c.h; path = "UIButton+WMButton.h"; sourceTree = "<group>"; };
		90DFC9581D61B37100C23540 /* UIButton+WMButton.m */ = {isa = PBXFileReference; fileEncoding = 4; lastKnownFileType = sourcecode.c.objc; path = "UIButton+WMButton.m"; sourceTree = "<group>"; };
		90DFC9591D61B37100C23540 /* WMBlueButton.h */ = {isa = PBXFileReference; fileEncoding = 4; lastKnownFileType = sourcecode.c.h; path = WMBlueButton.h; sourceTree = "<group>"; };
		90DFC95A1D61B37100C23540 /* WMBlueButton.m */ = {isa = PBXFileReference; fileEncoding = 4; lastKnownFileType = sourcecode.c.objc; path = WMBlueButton.m; sourceTree = "<group>"; };
		90DFC95B1D61B37100C23540 /* WMLoginButton.h */ = {isa = PBXFileReference; fileEncoding = 4; lastKnownFileType = sourcecode.c.h; path = WMLoginButton.h; sourceTree = "<group>"; };
		90DFC95C1D61B37100C23540 /* WMLoginButton.m */ = {isa = PBXFileReference; fileEncoding = 4; lastKnownFileType = sourcecode.c.objc; path = WMLoginButton.m; sourceTree = "<group>"; };
		90DFC95D1D61B37100C23540 /* WMRedButton.h */ = {isa = PBXFileReference; fileEncoding = 4; lastKnownFileType = sourcecode.c.h; path = WMRedButton.h; sourceTree = "<group>"; };
		90DFC95E1D61B37100C23540 /* WMRedButton.m */ = {isa = PBXFileReference; fileEncoding = 4; lastKnownFileType = sourcecode.c.objc; path = WMRedButton.m; sourceTree = "<group>"; };
		90DFC95F1D61B37100C23540 /* WMWhiteButton.h */ = {isa = PBXFileReference; fileEncoding = 4; lastKnownFileType = sourcecode.c.h; path = WMWhiteButton.h; sourceTree = "<group>"; };
		90DFC9601D61B37100C23540 /* WMWhiteButton.m */ = {isa = PBXFileReference; fileEncoding = 4; lastKnownFileType = sourcecode.c.objc; path = WMWhiteButton.m; sourceTree = "<group>"; };
/* End PBXFileReference section */

/* Begin PBXFrameworksBuildPhase section */
		902939B01D58553300C14290 /* Frameworks */ = {
			isa = PBXFrameworksBuildPhase;
			buildActionMask = 2147483647;
			files = (
			);
			runOnlyForDeploymentPostprocessing = 0;
		};
		902939C91D58553300C14290 /* Frameworks */ = {
			isa = PBXFrameworksBuildPhase;
			buildActionMask = 2147483647;
			files = (
			);
			runOnlyForDeploymentPostprocessing = 0;
		};
		902939D41D58553300C14290 /* Frameworks */ = {
			isa = PBXFrameworksBuildPhase;
			buildActionMask = 2147483647;
			files = (
			);
			runOnlyForDeploymentPostprocessing = 0;
		};
/* End PBXFrameworksBuildPhase section */

/* Begin PBXGroup section */
		902939AA1D58553300C14290 = {
			isa = PBXGroup;
			children = (
				902939B51D58553300C14290 /* StoryboardDome */,
				902939CF1D58553300C14290 /* StoryboardDomeTests */,
				902939DA1D58553300C14290 /* StoryboardDomeUITests */,
				902939B41D58553300C14290 /* Products */,
			);
			sourceTree = "<group>";
		};
		902939B41D58553300C14290 /* Products */ = {
			isa = PBXGroup;
			children = (
				902939B31D58553300C14290 /* StoryboardDome.app */,
				902939CC1D58553300C14290 /* StoryboardDomeTests.xctest */,
				902939D71D58553300C14290 /* StoryboardDomeUITests.xctest */,
			);
			name = Products;
			sourceTree = "<group>";
		};
		902939B51D58553300C14290 /* StoryboardDome */ = {
			isa = PBXGroup;
			children = (
				902939B91D58553300C14290 /* AppDelegate.h */,
				902939BA1D58553300C14290 /* AppDelegate.m */,
				909ACB541D5C754000D106C0 /* CustomUI */,
				902939F51D58629B00C14290 /* base */,
				902939EC1D5859B400C14290 /* A_aTableViewController.h */,
				902939ED1D5859B400C14290 /* A_aTableViewController.m */,
				902939EF1D585EDA00C14290 /* A_bViewController.h */,
				902939F01D585EDA00C14290 /* A_bViewController.m */,
				902939F21D585EE700C14290 /* A_cViewController.h */,
				902939F31D585EE700C14290 /* A_cViewController.m */,
				909ACB611D5DB4A300D106C0 /* B_aViewController.h */,
				909ACB621D5DB4A300D106C0 /* B_aViewController.m */,
				90804ED31DB4C2FD002540E9 /* C_aTableViewController.h */,
				90804ED41DB4C2FD002540E9 /* C_aTableViewController.m */,
				903BCB3C1D6D6CC300A1A0AF /* C_bViewController.h */,
				903BCB3D1D6D6CC300A1A0AF /* C_bViewController.m */,
				909EDCB81D6D8F21001A846B /* C_cViewController.h */,
				909EDCB91D6D8F21001A846B /* C_cViewController.m */,
				902939BF1D58553300C14290 /* Main.storyboard */,
				90293A101D59C4BB00C14290 /* A_b.storyboard */,
				902939C21D58553300C14290 /* Assets.xcassets */,
				902939C41D58553300C14290 /* LaunchScreen.storyboard */,
				902939C71D58553300C14290 /* Info.plist */,
				902939B61D58553300C14290 /* Supporting Files */,
			);
			path = StoryboardDome;
			sourceTree = "<group>";
		};
		902939B61D58553300C14290 /* Supporting Files */ = {
			isa = PBXGroup;
			children = (
				902939B71D58553300C14290 /* main.m */,
			);
			name = "Supporting Files";
			sourceTree = "<group>";
		};
		902939CF1D58553300C14290 /* StoryboardDomeTests */ = {
			isa = PBXGroup;
			children = (
				902939D01D58553300C14290 /* StoryboardDomeTests.m */,
				902939D21D58553300C14290 /* Info.plist */,
			);
			path = StoryboardDomeTests;
			sourceTree = "<group>";
		};
		902939DA1D58553300C14290 /* StoryboardDomeUITests */ = {
			isa = PBXGroup;
			children = (
				902939DB1D58553300C14290 /* StoryboardDomeUITests.m */,
				902939DD1D58553300C14290 /* Info.plist */,
			);
			path = StoryboardDomeUITests;
			sourceTree = "<group>";
		};
		902939F51D58629B00C14290 /* base */ = {
			isa = PBXGroup;
			children = (
				902939F61D5862BD00C14290 /* BaseNavViewController.h */,
				902939F71D5862BD00C14290 /* BaseNavViewController.m */,
				902939F91D58639400C14290 /* BaseTBViewController.h */,
				902939FA1D58639400C14290 /* BaseTBViewController.m */,
			);
			name = base;
			sourceTree = "<group>";
		};
		909ACB541D5C754000D106C0 /* CustomUI */ = {
			isa = PBXGroup;
			children = (
				90DFC9571D61B37100C23540 /* UIButton+WMButton.h */,
				90DFC9581D61B37100C23540 /* UIButton+WMButton.m */,
				90DFC9591D61B37100C23540 /* WMBlueButton.h */,
				90DFC95A1D61B37100C23540 /* WMBlueButton.m */,
				90DFC95B1D61B37100C23540 /* WMLoginButton.h */,
				90DFC95C1D61B37100C23540 /* WMLoginButton.m */,
				90DFC95D1D61B37100C23540 /* WMRedButton.h */,
				90DFC95E1D61B37100C23540 /* WMRedButton.m */,
				90DFC95F1D61B37100C23540 /* WMWhiteButton.h */,
				90DFC9601D61B37100C23540 /* WMWhiteButton.m */,
			);
			name = CustomUI;
			sourceTree = "<group>";
		};
/* End PBXGroup section */

/* Begin PBXNativeTarget section */
		902939B21D58553300C14290 /* StoryboardDome */ = {
			isa = PBXNativeTarget;
			buildConfigurationList = 902939E01D58553300C14290 /* Build configuration list for PBXNativeTarget "StoryboardDome" */;
			buildPhases = (
				902939AF1D58553300C14290 /* Sources */,
				902939B01D58553300C14290 /* Frameworks */,
				902939B11D58553300C14290 /* Resources */,
			);
			buildRules = (
			);
			dependencies = (
			);
			name = StoryboardDome;
			productName = StoryboardDome;
			productReference = 902939B31D58553300C14290 /* StoryboardDome.app */;
			productType = "com.apple.product-type.application";
		};
		902939CB1D58553300C14290 /* StoryboardDomeTests */ = {
			isa = PBXNativeTarget;
			buildConfigurationList = 902939E31D58553300C14290 /* Build configuration list for PBXNativeTarget "StoryboardDomeTests" */;
			buildPhases = (
				902939C81D58553300C14290 /* Sources */,
				902939C91D58553300C14290 /* Frameworks */,
				902939CA1D58553300C14290 /* Resources */,
			);
			buildRules = (
			);
			dependencies = (
				902939CE1D58553300C14290 /* PBXTargetDependency */,
			);
			name = StoryboardDomeTests;
			productName = StoryboardDomeTests;
			productReference = 902939CC1D58553300C14290 /* StoryboardDomeTests.xctest */;
			productType = "com.apple.product-type.bundle.unit-test";
		};
		902939D61D58553300C14290 /* StoryboardDomeUITests */ = {
			isa = PBXNativeTarget;
			buildConfigurationList = 902939E61D58553300C14290 /* Build configuration list for PBXNativeTarget "StoryboardDomeUITests" */;
			buildPhases = (
				902939D31D58553300C14290 /* Sources */,
				902939D41D58553300C14290 /* Frameworks */,
				902939D51D58553300C14290 /* Resources */,
			);
			buildRules = (
			);
			dependencies = (
				902939D91D58553300C14290 /* PBXTargetDependency */,
			);
			name = StoryboardDomeUITests;
			productName = StoryboardDomeUITests;
			productReference = 902939D71D58553300C14290 /* StoryboardDomeUITests.xctest */;
			productType = "com.apple.product-type.bundle.ui-testing";
		};
/* End PBXNativeTarget section */

/* Begin PBXProject section */
		902939AB1D58553300C14290 /* Project object */ = {
			isa = PBXProject;
			attributes = {
				LastUpgradeCheck = 0730;
				ORGANIZATIONNAME = airende;
				TargetAttributes = {
					902939B21D58553300C14290 = {
						CreatedOnToolsVersion = 7.3;
						DevelopmentTeam = 3YA54AB2B7;
					};
					902939CB1D58553300C14290 = {
						CreatedOnToolsVersion = 7.3;
						TestTargetID = 902939B21D58553300C14290;
					};
					902939D61D58553300C14290 = {
						CreatedOnToolsVersion = 7.3;
						TestTargetID = 902939B21D58553300C14290;
					};
				};
			};
			buildConfigurationList = 902939AE1D58553300C14290 /* Build configuration list for PBXProject "StoryboardDome" */;
			compatibilityVersion = "Xcode 3.2";
			developmentRegion = English;
			hasScannedForEncodings = 0;
			knownRegions = (
				en,
				Base,
			);
			mainGroup = 902939AA1D58553300C14290;
			productRefGroup = 902939B41D58553300C14290 /* Products */;
			projectDirPath = "";
			projectRoot = "";
			targets = (
				902939B21D58553300C14290 /* StoryboardDome */,
				902939CB1D58553300C14290 /* StoryboardDomeTests */,
				902939D61D58553300C14290 /* StoryboardDomeUITests */,
			);
		};
/* End PBXProject section */

/* Begin PBXResourcesBuildPhase section */
		902939B11D58553300C14290 /* Resources */ = {
			isa = PBXResourcesBuildPhase;
			buildActionMask = 2147483647;
			files = (
				902939C61D58553300C14290 /* LaunchScreen.storyboard in Resources */,
				902939C31D58553300C14290 /* Assets.xcassets in Resources */,
				902939C11D58553300C14290 /* Main.storyboard in Resources */,
				90293A121D59C4BB00C14290 /* A_b.storyboard in Resources */,
			);
			runOnlyForDeploymentPostprocessing = 0;
		};
		902939CA1D58553300C14290 /* Resources */ = {
			isa = PBXResourcesBuildPhase;
			buildActionMask = 2147483647;
			files = (
			);
			runOnlyForDeploymentPostprocessing = 0;
		};
		902939D51D58553300C14290 /* Resources */ = {
			isa = PBXResourcesBuildPhase;
			buildActionMask = 2147483647;
			files = (
			);
			runOnlyForDeploymentPostprocessing = 0;
		};
/* End PBXResourcesBuildPhase section */

/* Begin PBXSourcesBuildPhase section */
		902939AF1D58553300C14290 /* Sources */ = {
			isa = PBXSourcesBuildPhase;
			buildActionMask = 2147483647;
			files = (
				902939F41D585EE700C14290 /* A_cViewController.m in Sources */,
				909EDCBA1D6D8F21001A846B /* C_cViewController.m in Sources */,
				902939FB1D58639400C14290 /* BaseTBViewController.m in Sources */,
				90DFC9631D61B37100C23540 /* WMLoginButton.m in Sources */,
				902939BB1D58553300C14290 /* AppDelegate.m in Sources */,
				902939B81D58553300C14290 /* main.m in Sources */,
				902939EE1D5859B400C14290 /* A_aTableViewController.m in Sources */,
				902939F11D585EDA00C14290 /* A_bViewController.m in Sources */,
				903BCB3E1D6D6CC300A1A0AF /* C_bViewController.m in Sources */,
				909ACB631D5DB4A300D106C0 /* B_aViewController.m in Sources */,
				902939F81D5862BD00C14290 /* BaseNavViewController.m in Sources */,
				90DFC9641D61B37100C23540 /* WMRedButton.m in Sources */,
				90DFC9651D61B37100C23540 /* WMWhiteButton.m in Sources */,
				90804ED51DB4C2FD002540E9 /* C_aTableViewController.m in Sources */,
				90DFC9611D61B37100C23540 /* UIButton+WMButton.m in Sources */,
				90DFC9621D61B37100C23540 /* WMBlueButton.m in Sources */,
			);
			runOnlyForDeploymentPostprocessing = 0;
		};
		902939C81D58553300C14290 /* Sources */ = {
			isa = PBXSourcesBuildPhase;
			buildActionMask = 2147483647;
			files = (
				902939D11D58553300C14290 /* StoryboardDomeTests.m in Sources */,
			);
			runOnlyForDeploymentPostprocessing = 0;
		};
		902939D31D58553300C14290 /* Sources */ = {
			isa = PBXSourcesBuildPhase;
			buildActionMask = 2147483647;
			files = (
				902939DC1D58553300C14290 /* StoryboardDomeUITests.m in Sources */,
			);
			runOnlyForDeploymentPostprocessing = 0;
		};
/* End PBXSourcesBuildPhase section */

/* Begin PBXTargetDependency section */
		902939CE1D58553300C14290 /* PBXTargetDependency */ = {
			isa = PBXTargetDependency;
			target = 902939B21D58553300C14290 /* StoryboardDome */;
			targetProxy = 902939CD1D58553300C14290 /* PBXContainerItemProxy */;
		};
		902939D91D58553300C14290 /* PBXTargetDependency */ = {
			isa = PBXTargetDependency;
			target = 902939B21D58553300C14290 /* StoryboardDome */;
			targetProxy = 902939D81D58553300C14290 /* PBXContainerItemProxy */;
		};
/* End PBXTargetDependency section */

/* Begin PBXVariantGroup section */
		902939BF1D58553300C14290 /* Main.storyboard */ = {
			isa = PBXVariantGroup;
			children = (
				902939C01D58553300C14290 /* Base */,
			);
			name = Main.storyboard;
			sourceTree = "<group>";
		};
		902939C41D58553300C14290 /* LaunchScreen.storyboard */ = {
			isa = PBXVariantGroup;
			children = (
				902939C51D58553300C14290 /* Base */,
			);
			name = LaunchScreen.storyboard;
			sourceTree = "<group>";
		};
		90293A101D59C4BB00C14290 /* A_b.storyboard */ = {
			isa = PBXVariantGroup;
			children = (
				90293A111D59C4BB00C14290 /* Base */,
			);
			name = A_b.storyboard;
			sourceTree = "<group>";
		};
/* End PBXVariantGroup section */

/* Begin XCBuildConfiguration section */
		902939DE1D58553300C14290 /* Debug */ = {
			isa = XCBuildConfiguration;
			buildSettings = {
				ALWAYS_SEARCH_USER_PATHS = NO;
				CLANG_ANALYZER_NONNULL = YES;
				CLANG_CXX_LANGUAGE_STANDARD = "gnu++0x";
				CLANG_CXX_LIBRARY = "libc++";
				CLANG_ENABLE_MODULES = YES;
				CLANG_ENABLE_OBJC_ARC = YES;
				CLANG_WARN_BOOL_CONVERSION = YES;
				CLANG_WARN_CONSTANT_CONVERSION = YES;
				CLANG_WARN_DIRECT_OBJC_ISA_USAGE = YES_ERROR;
				CLANG_WARN_EMPTY_BODY = YES;
				CLANG_WARN_ENUM_CONVERSION = YES;
				CLANG_WARN_INT_CONVERSION = YES;
				CLANG_WARN_OBJC_ROOT_CLASS = YES_ERROR;
				CLANG_WARN_UNREACHABLE_CODE = YES;
				CLANG_WARN__DUPLICATE_METHOD_MATCH = YES;
				"CODE_SIGN_IDENTITY[sdk=iphoneos*]" = "iPhone Developer";
				COPY_PHASE_STRIP = NO;
				DEBUG_INFORMATION_FORMAT = dwarf;
				ENABLE_STRICT_OBJC_MSGSEND = YES;
				ENABLE_TESTABILITY = YES;
				GCC_C_LANGUAGE_STANDARD = gnu99;
				GCC_DYNAMIC_NO_PIC = NO;
				GCC_NO_COMMON_BLOCKS = YES;
				GCC_OPTIMIZATION_LEVEL = 0;
				GCC_PREPROCESSOR_DEFINITIONS = (
					"DEBUG=1",
					"$(inherited)",
				);
				GCC_WARN_64_TO_32_BIT_CONVERSION = YES;
				GCC_WARN_ABOUT_RETURN_TYPE = YES_ERROR;
				GCC_WARN_UNDECLARED_SELECTOR = YES;
				GCC_WARN_UNINITIALIZED_AUTOS = YES_AGGRESSIVE;
				GCC_WARN_UNUSED_FUNCTION = YES;
				GCC_WARN_UNUSED_VARIABLE = YES;
				IPHONEOS_DEPLOYMENT_TARGET = 9.3;
				MTL_ENABLE_DEBUG_INFO = YES;
				ONLY_ACTIVE_ARCH = YES;
				SDKROOT = iphoneos;
			};
			name = Debug;
		};
		902939DF1D58553300C14290 /* Release */ = {
			isa = XCBuildConfiguration;
			buildSettings = {
				ALWAYS_SEARCH_USER_PATHS = NO;
				CLANG_ANALYZER_NONNULL = YES;
				CLANG_CXX_LANGUAGE_STANDARD = "gnu++0x";
				CLANG_CXX_LIBRARY = "libc++";
				CLANG_ENABLE_MODULES = YES;
				CLANG_ENABLE_OBJC_ARC = YES;
				CLANG_WARN_BOOL_CONVERSION = YES;
				CLANG_WARN_CONSTANT_CONVERSION = YES;
				CLANG_WARN_DIRECT_OBJC_ISA_USAGE = YES_ERROR;
				CLANG_WARN_EMPTY_BODY = YES;
				CLANG_WARN_ENUM_CONVERSION = YES;
				CLANG_WARN_INT_CONVERSION = YES;
				CLANG_WARN_OBJC_ROOT_CLASS = YES_ERROR;
				CLANG_WARN_UNREACHABLE_CODE = YES;
				CLANG_WARN__DUPLICATE_METHOD_MATCH = YES;
				"CODE_SIGN_IDENTITY[sdk=iphoneos*]" = "iPhone Developer";
				COPY_PHASE_STRIP = NO;
				DEBUG_INFORMATION_FORMAT = "dwarf-with-dsym";
				ENABLE_NS_ASSERTIONS = NO;
				ENABLE_STRICT_OBJC_MSGSEND = YES;
				GCC_C_LANGUAGE_STANDARD = gnu99;
				GCC_NO_COMMON_BLOCKS = YES;
				GCC_WARN_64_TO_32_BIT_CONVERSION = YES;
				GCC_WARN_ABOUT_RETURN_TYPE = YES_ERROR;
				GCC_WARN_UNDECLARED_SELECTOR = YES;
				GCC_WARN_UNINITIALIZED_AUTOS = YES_AGGRESSIVE;
				GCC_WARN_UNUSED_FUNCTION = YES;
				GCC_WARN_UNUSED_VARIABLE = YES;
				IPHONEOS_DEPLOYMENT_TARGET = 9.3;
				MTL_ENABLE_DEBUG_INFO = NO;
				SDKROOT = iphoneos;
				VALIDATE_PRODUCT = YES;
			};
			name = Release;
		};
		902939E11D58553300C14290 /* Debug */ = {
			isa = XCBuildConfiguration;
			buildSettings = {
				ASSETCATALOG_COMPILER_APPICON_NAME = AppIcon;
				DEVELOPMENT_TEAM = 3YA54AB2B7;
				INFOPLIST_FILE = StoryboardDome/Info.plist;
				IPHONEOS_DEPLOYMENT_TARGET = 8.0;
				LD_RUNPATH_SEARCH_PATHS = "$(inherited) @executable_path/Frameworks";
				PRODUCT_BUNDLE_IDENTIFIER = ard.StoryboardDome;
				PRODUCT_NAME = "$(TARGET_NAME)";
			};
			name = Debug;
		};
		902939E21D58553300C14290 /* Release */ = {
			isa = XCBuildConfiguration;
			buildSettings = {
				ASSETCATALOG_COMPILER_APPICON_NAME = AppIcon;
				DEVELOPMENT_TEAM = 3YA54AB2B7;
				INFOPLIST_FILE = StoryboardDome/Info.plist;
				IPHONEOS_DEPLOYMENT_TARGET = 8.0;
				LD_RUNPATH_SEARCH_PATHS = "$(inherited) @executable_path/Frameworks";
				PRODUCT_BUNDLE_IDENTIFIER = ard.StoryboardDome;
				PRODUCT_NAME = "$(TARGET_NAME)";
			};
			name = Release;
		};
		902939E41D58553300C14290 /* Debug */ = {
			isa = XCBuildConfiguration;
			buildSettings = {
				BUNDLE_LOADER = "$(TEST_HOST)";
				INFOPLIST_FILE = StoryboardDomeTests/Info.plist;
				LD_RUNPATH_SEARCH_PATHS = "$(inherited) @executable_path/Frameworks @loader_path/Frameworks";
				PRODUCT_BUNDLE_IDENTIFIER = ard.StoryboardDomeTests;
				PRODUCT_NAME = "$(TARGET_NAME)";
				TEST_HOST = "$(BUILT_PRODUCTS_DIR)/StoryboardDome.app/StoryboardDome";
			};
			name = Debug;
		};
		902939E51D58553300C14290 /* Release */ = {
			isa = XCBuildConfiguration;
			buildSettings = {
				BUNDLE_LOADER = "$(TEST_HOST)";
				INFOPLIST_FILE = StoryboardDomeTests/Info.plist;
				LD_RUNPATH_SEARCH_PATHS = "$(inherited) @executable_path/Frameworks @loader_path/Frameworks";
				PRODUCT_BUNDLE_IDENTIFIER = ard.StoryboardDomeTests;
				PRODUCT_NAME = "$(TARGET_NAME)";
				TEST_HOST = "$(BUILT_PRODUCTS_DIR)/StoryboardDome.app/StoryboardDome";
			};
			name = Release;
		};
		902939E71D58553300C14290 /* Debug */ = {
			isa = XCBuildConfiguration;
			buildSettings = {
				INFOPLIST_FILE = StoryboardDomeUITests/Info.plist;
				LD_RUNPATH_SEARCH_PATHS = "$(inherited) @executable_path/Frameworks @loader_path/Frameworks";
				PRODUCT_BUNDLE_IDENTIFIER = ard.StoryboardDomeUITests;
				PRODUCT_NAME = "$(TARGET_NAME)";
				TEST_TARGET_NAME = StoryboardDome;
			};
			name = Debug;
		};
		902939E81D58553300C14290 /* Release */ = {
			isa = XCBuildConfiguration;
			buildSettings = {
				INFOPLIST_FILE = StoryboardDomeUITests/Info.plist;
				LD_RUNPATH_SEARCH_PATHS = "$(inherited) @executable_path/Frameworks @loader_path/Frameworks";
				PRODUCT_BUNDLE_IDENTIFIER = ard.StoryboardDomeUITests;
				PRODUCT_NAME = "$(TARGET_NAME)";
				TEST_TARGET_NAME = StoryboardDome;
			};
			name = Release;
		};
/* End XCBuildConfiguration section */

/* Begin XCConfigurationList section */
		902939AE1D58553300C14290 /* Build configuration list for PBXProject "StoryboardDome" */ = {
			isa = XCConfigurationList;
			buildConfigurations = (
				902939DE1D58553300C14290 /* Debug */,
				902939DF1D58553300C14290 /* Release */,
			);
			defaultConfigurationIsVisible = 0;
			defaultConfigurationName = Release;
		};
		902939E01D58553300C14290 /* Build configuration list for PBXNativeTarget "StoryboardDome" */ = {
			isa = XCConfigurationList;
			buildConfigurations = (
				902939E11D58553300C14290 /* Debug */,
				902939E21D58553300C14290 /* Release */,
			);
			defaultConfigurationIsVisible = 0;
			defaultConfigurationName = Release;
		};
		902939E31D58553300C14290 /* Build configuration list for PBXNativeTarget "StoryboardDomeTests" */ = {
			isa = XCConfigurationList;
			buildConfigurations = (
				902939E41D58553300C14290 /* Debug */,
				902939E51D58553300C14290 /* Release */,
			);
			defaultConfigurationIsVisible = 0;
			defaultConfigurationName = Release;
		};
		902939E61D58553300C14290 /* Build configuration list for PBXNativeTarget "StoryboardDomeUITests" */ = {
			isa = XCConfigurationList;
			buildConfigurations = (
				902939E71D58553300C14290 /* Debug */,
				902939E81D58553300C14290 /* Release */,
			);
			defaultConfigurationIsVisible = 0;
			defaultConfigurationName = Release;
		};
/* End XCConfigurationList section */
	};
	rootObject = 902939AB1D58553300C14290 /* Project object */;
}
